
Microsoft Visual Studio Solution File, Format Version 12.00
# Visual Studio Version 16
VisualStudioVersion = 16.0.29509.3
MinimumVisualStudioVersion = 15.0.26124.0
Project("{9A19103F-16F7-4668-BE54-9A1E7A4F7556}") = "Heavy", "Heavy\Heavy.csproj", "{D76AF432-6504-4454-A6E6-0320C42EAD20}"
EndProject
Project("{9A19103F-16F7-4668-BE54-9A1E7A4F7556}") = "Heavy.Data", "Heavy.Data\Heavy.Data.csproj", "{258715E9-558D-4629-AE5D-D75E91A17A39}"
EndProject
Project("{9A19103F-16F7-4668-BE54-9A1E7A4F7556}") = "Heavy.Domain", "Heavy.Domain\Heavy.Domain.csproj", "{211EA5BC-3813-4497-968E-3C52ACED877E}"
EndProject
Project("{9A19103F-16F7-4668-BE54-9A1E7A4F7556}") = "Heavy.Domain.Core", "Heavy.Domain.Core\Heavy.Domain.Core.csproj", "{8E66D887-F9A5-4FEB-82E0-F124EC4BD5B9}"
EndProject
Project("{9A19103F-16F7-4668-BE54-9A1E7A4F7556}") = "Heavy.Identity", "Heavy.Identity\Heavy.Identity.csproj", "{94E1D79D-4E7A-4F68-B6D8-DCE4AAE3BA43}"
EndProject
Project("{9A19103F-16F7-4668-BE54-9A1E7A4F7556}") = "Heavy.Application", "Heavy.Application\Heavy.Application.csproj", "{89FFDBB0-3BD1-461F-B0BA-551D4CB24449}"
EndProject
Project("{9A19103F-16F7-4668-BE54-9A1E7A4F7556}") = "Heavy.Ioc", "Heavy.Ioc\Heavy.Ioc.csproj", "{996A2E01-418C-49B0-9EF9-4F8B3056C599}"
EndProject
Project("{9A19103F-16F7-4668-BE54-9A1E7A4F7556}") = "LBD.Infrastructure", "LBD.Infrastructure\LBD.Infrastructure.csproj", "{C2ACFBF0-B7EF-4DB3-BC84-63B09895DFC2}"
EndProject
Project("{9A19103F-16F7-4668-BE54-9A1E7A4F7556}") = "Heavy.Test", "Heavy.Test\Heavy.Test.csproj", "{2F961A86-3613-48ED-B566-DEE0E38B90C1}"
EndProject
Project("{2150E333-8FDC-42A3-9474-1A3956D46DE8}") = "Solution Items", "Solution Items", "{FC2C99F4-2D87-449E-AB4D-6CD1409DC12D}"
	ProjectSection(SolutionItems) = preProject
		.editorconfig = .editorconfig
	EndProjectSection
EndProject
Project("{9A19103F-16F7-4668-BE54-9A1E7A4F7556}") = "Heavy.Data.Repositorys", "Heavy.Data.Repositorys\Heavy.Data.Repositorys.csproj", "{797C9369-0AF0-4D13-8BB5-4276C5961B3D}"
EndProject
Global
	GlobalSection(SolutionConfigurationPlatforms) = preSolution
		Debug|Any CPU = Debug|Any CPU
		Debug|x64 = Debug|x64
		Debug|x86 = Debug|x86
		Release|Any CPU = Release|Any CPU
		Release|x64 = Release|x64
		Release|x86 = Release|x86
	EndGlobalSection
	GlobalSection(ProjectConfigurationPlatforms) = postSolution
		{D76AF432-6504-4454-A6E6-0320C42EAD20}.Debug|Any CPU.ActiveCfg = Debug|Any CPU
		{D76AF432-6504-4454-A6E6-0320C42EAD20}.Debug|Any CPU.Build.0 = Debug|Any CPU
		{D76AF432-6504-4454-A6E6-0320C42EAD20}.Debug|x64.ActiveCfg = Debug|Any CPU
		{D76AF432-6504-4454-A6E6-0320C42EAD20}.Debug|x64.Build.0 = Debug|Any CPU
		{D76AF432-6504-4454-A6E6-0320C42EAD20}.Debug|x86.ActiveCfg = Debug|Any CPU
		{D76AF432-6504-4454-A6E6-0320C42EAD20}.Debug|x86.Build.0 = Debug|Any CPU
		{D76AF432-6504-4454-A6E6-0320C42EAD20}.Release|Any CPU.ActiveCfg = Release|Any CPU
		{D76AF432-6504-4454-A6E6-0320C42EAD20}.Release|Any CPU.Build.0 = Release|Any CPU
		{D76AF432-6504-4454-A6E6-0320C42EAD20}.Release|x64.ActiveCfg = Release|Any CPU
		{D76AF432-6504-4454-A6E6-0320C42EAD20}.Release|x64.Build.0 = Release|Any CPU
		{D76AF432-6504-4454-A6E6-0320C42EAD20}.Release|x86.ActiveCfg = Release|Any CPU
		{D76AF432-6504-4454-A6E6-0320C42EAD20}.Release|x86.Build.0 = Release|Any CPU
		{258715E9-558D-4629-AE5D-D75E91A17A39}.Debug|Any CPU.ActiveCfg = Debug|Any CPU
		{258715E9-558D-4629-AE5D-D75E91A17A39}.Debug|Any CPU.Build.0 = Debug|Any CPU
		{258715E9-558D-4629-AE5D-D75E91A17A39}.Debug|x64.ActiveCfg = Debug|Any CPU
		{258715E9-558D-4629-AE5D-D75E91A17A39}.Debug|x64.Build.0 = Debug|Any CPU
		{258715E9-558D-4629-AE5D-D75E91A17A39}.Debug|x86.ActiveCfg = Debug|Any CPU
		{258715E9-558D-4629-AE5D-D75E91A17A39}.Debug|x86.Build.0 = Debug|Any CPU
		{258715E9-558D-4629-AE5D-D75E91A17A39}.Release|Any CPU.ActiveCfg = Release|Any CPU
		{258715E9-558D-4629-AE5D-D75E91A17A39}.Release|Any CPU.Build.0 = Release|Any CPU
		{258715E9-558D-4629-AE5D-D75E91A17A39}.Release|x64.ActiveCfg = Release|Any CPU
		{258715E9-558D-4629-AE5D-D75E91A17A39}.Release|x64.Build.0 = Release|Any CPU
		{258715E9-558D-4629-AE5D-D75E91A17A39}.Release|x86.ActiveCfg = Release|Any CPU
		{258715E9-558D-4629-AE5D-D75E91A17A39}.Release|x86.Build.0 = Release|Any CPU
		{211EA5BC-3813-4497-968E-3C52ACED877E}.Debug|Any CPU.ActiveCfg = Debug|Any CPU
		{211EA5BC-3813-4497-968E-3C52ACED877E}.Debug|Any CPU.Build.0 = Debug|Any CPU
		{211EA5BC-3813-4497-968E-3C52ACED877E}.Debug|x64.ActiveCfg = Debug|Any CPU
		{211EA5BC-3813-4497-968E-3C52ACED877E}.Debug|x64.Build.0 = Debug|Any CPU
		{211EA5BC-3813-4497-968E-3C52ACED877E}.Debug|x86.ActiveCfg = Debug|Any CPU
		{211EA5BC-3813-4497-968E-3C52ACED877E}.Debug|x86.Build.0 = Debug|Any CPU
		{211EA5BC-3813-4497-968E-3C52ACED877E}.Release|Any CPU.ActiveCfg = Release|Any CPU
		{211EA5BC-3813-4497-968E-3C52ACED877E}.Release|Any CPU.Build.0 = Release|Any CPU
		{211EA5BC-3813-4497-968E-3C52ACED877E}.Release|x64.ActiveCfg = Release|Any CPU
		{211EA5BC-3813-4497-968E-3C52ACED877E}.Release|x64.Build.0 = Release|Any CPU
		{211EA5BC-3813-4497-968E-3C52ACED877E}.Release|x86.ActiveCfg = Release|Any CPU
		{211EA5BC-3813-4497-968E-3C52ACED877E}.Release|x86.Build.0 = Release|Any CPU
		{8E66D887-F9A5-4FEB-82E0-F124EC4BD5B9}.Debug|Any CPU.ActiveCfg = Debug|Any CPU
		{8E66D887-F9A5-4FEB-82E0-F124EC4BD5B9}.Debug|Any CPU.Build.0 = Debug|Any CPU
		{8E66D887-F9A5-4FEB-82E0-F124EC4BD5B9}.Debug|x64.ActiveCfg = Debug|Any CPU
		{8E66D887-F9A5-4FEB-82E0-F124EC4BD5B9}.Debug|x64.Build.0 = Debug|Any CPU
		{8E66D887-F9A5-4FEB-82E0-F124EC4BD5B9}.Debug|x86.ActiveCfg = Debug|Any CPU
		{8E66D887-F9A5-4FEB-82E0-F124EC4BD5B9}.Debug|x86.Build.0 = Debug|Any CPU
		{8E66D887-F9A5-4FEB-82E0-F124EC4BD5B9}.Release|Any CPU.ActiveCfg = Release|Any CPU
		{8E66D887-F9A5-4FEB-82E0-F124EC4BD5B9}.Release|Any CPU.Build.0 = Release|Any CPU
		{8E66D887-F9A5-4FEB-82E0-F124EC4BD5B9}.Release|x64.ActiveCfg = Release|Any CPU
		{8E66D887-F9A5-4FEB-82E0-F124EC4BD5B9}.Release|x64.Build.0 = Release|Any CPU
		{8E66D887-F9A5-4FEB-82E0-F124EC4BD5B9}.Release|x86.ActiveCfg = Release|Any CPU
		{8E66D887-F9A5-4FEB-82E0-F124EC4BD5B9}.Release|x86.Build.0 = Release|Any CPU
		{94E1D79D-4E7A-4F68-B6D8-DCE4AAE3BA43}.Debug|Any CPU.ActiveCfg = Debug|Any CPU
		{94E1D79D-4E7A-4F68-B6D8-DCE4AAE3BA43}.Debug|Any CPU.Build.0 = Debug|Any CPU
		{94E1D79D-4E7A-4F68-B6D8-DCE4AAE3BA43}.Debug|x64.ActiveCfg = Debug|Any CPU
		{94E1D79D-4E7A-4F68-B6D8-DCE4AAE3BA43}.Debug|x64.Build.0 = Debug|Any CPU
		{94E1D79D-4E7A-4F68-B6D8-DCE4AAE3BA43}.Debug|x86.ActiveCfg = Debug|Any CPU
		{94E1D79D-4E7A-4F68-B6D8-DCE4AAE3BA43}.Debug|x86.Build.0 = Debug|Any CPU
		{94E1D79D-4E7A-4F68-B6D8-DCE4AAE3BA43}.Release|Any CPU.ActiveCfg = Release|Any CPU
		{94E1D79D-4E7A-4F68-B6D8-DCE4AAE3BA43}.Release|Any CPU.Build.0 = Release|Any CPU
		{94E1D79D-4E7A-4F68-B6D8-DCE4AAE3BA43}.Release|x64.ActiveCfg = Release|Any CPU
		{94E1D79D-4E7A-4F68-B6D8-DCE4AAE3BA43}.Release|x64.Build.0 = Release|Any CPU
		{94E1D79D-4E7A-4F68-B6D8-DCE4AAE3BA43}.Release|x86.ActiveCfg = Release|Any CPU
		{94E1D79D-4E7A-4F68-B6D8-DCE4AAE3BA43}.Release|x86.Build.0 = Release|Any CPU
		{89FFDBB0-3BD1-461F-B0BA-551D4CB24449}.Debug|Any CPU.ActiveCfg = Debug|Any CPU
		{89FFDBB0-3BD1-461F-B0BA-551D4CB24449}.Debug|Any CPU.Build.0 = Debug|Any CPU
		{89FFDBB0-3BD1-461F-B0BA-551D4CB24449}.Debug|x64.ActiveCfg = Debug|Any CPU
		{89FFDBB0-3BD1-461F-B0BA-551D4CB24449}.Debug|x64.Build.0 = Debug|Any CPU
		{89FFDBB0-3BD1-461F-B0BA-551D4CB24449}.Debug|x86.ActiveCfg = Debug|Any CPU
		{89FFDBB0-3BD1-461F-B0BA-551D4CB24449}.Debug|x86.Build.0 = Debug|Any CPU
		{89FFDBB0-3BD1-461F-B0BA-551D4CB24449}.Release|Any CPU.ActiveCfg = Release|Any CPU
		{89FFDBB0-3BD1-461F-B0BA-551D4CB24449}.Release|Any CPU.Build.0 = Release|Any CPU
		{89FFDBB0-3BD1-461F-B0BA-551D4CB24449}.Release|x64.ActiveCfg = Release|Any CPU
		{89FFDBB0-3BD1-461F-B0BA-551D4CB24449}.Release|x64.Build.0 = Release|Any CPU
		{89FFDBB0-3BD1-461F-B0BA-551D4CB24449}.Release|x86.ActiveCfg = Release|Any CPU
		{89FFDBB0-3BD1-461F-B0BA-551D4CB24449}.Release|x86.Build.0 = Release|Any CPU
		{996A2E01-418C-49B0-9EF9-4F8B3056C599}.Debug|Any CPU.ActiveCfg = Debug|Any CPU
		{996A2E01-418C-49B0-9EF9-4F8B3056C599}.Debug|Any CPU.Build.0 = Debug|Any CPU
		{996A2E01-418C-49B0-9EF9-4F8B3056C599}.Debug|x64.ActiveCfg = Debug|Any CPU
		{996A2E01-418C-49B0-9EF9-4F8B3056C599}.Debug|x64.Build.0 = Debug|Any CPU
		{996A2E01-418C-49B0-9EF9-4F8B3056C599}.Debug|x86.ActiveCfg = Debug|Any CPU
		{996A2E01-418C-49B0-9EF9-4F8B3056C599}.Debug|x86.Build.0 = Debug|Any CPU
		{996A2E01-418C-49B0-9EF9-4F8B3056C599}.Release|Any CPU.ActiveCfg = Release|Any CPU
		{996A2E01-418C-49B0-9EF9-4F8B3056C599}.Release|Any CPU.Build.0 = Release|Any CPU
		{996A2E01-418C-49B0-9EF9-4F8B3056C599}.Release|x64.ActiveCfg = Release|Any CPU
		{996A2E01-418C-49B0-9EF9-4F8B3056C599}.Release|x64.Build.0 = Release|Any CPU
		{996A2E01-418C-49B0-9EF9-4F8B3056C599}.Release|x86.ActiveCfg = Release|Any CPU
		{996A2E01-418C-49B0-9EF9-4F8B3056C599}.Release|x86.Build.0 = Release|Any CPU
		{C2ACFBF0-B7EF-4DB3-BC84-63B09895DFC2}.Debug|Any CPU.ActiveCfg = Debug|Any CPU
		{C2ACFBF0-B7EF-4DB3-BC84-63B09895DFC2}.Debug|Any CPU.Build.0 = Debug|Any CPU
		{C2ACFBF0-B7EF-4DB3-BC84-63B09895DFC2}.Debug|x64.ActiveCfg = Debug|Any CPU
		{C2ACFBF0-B7EF-4DB3-BC84-63B09895DFC2}.Debug|x64.Build.0 = Debug|Any CPU
		{C2ACFBF0-B7EF-4DB3-BC84-63B09895DFC2}.Debug|x86.ActiveCfg = Debug|Any CPU
		{C2ACFBF0-B7EF-4DB3-BC84-63B09895DFC2}.Debug|x86.Build.0 = Debug|Any CPU
		{C2ACFBF0-B7EF-4DB3-BC84-63B09895DFC2}.Release|Any CPU.ActiveCfg = Release|Any CPU
		{C2ACFBF0-B7EF-4DB3-BC84-63B09895DFC2}.Release|Any CPU.Build.0 = Release|Any CPU
		{C2ACFBF0-B7EF-4DB3-BC84-63B09895DFC2}.Release|x64.ActiveCfg = Release|Any CPU
		{C2ACFBF0-B7EF-4DB3-BC84-63B09895DFC2}.Release|x64.Build.0 = Release|Any CPU
		{C2ACFBF0-B7EF-4DB3-BC84-63B09895DFC2}.Release|x86.ActiveCfg = Release|Any CPU
		{C2ACFBF0-B7EF-4DB3-BC84-63B09895DFC2}.Release|x86.Build.0 = Release|Any CPU
		{2F961A86-3613-48ED-B566-DEE0E38B90C1}.Debug|Any CPU.ActiveCfg = Debug|Any CPU
		{2F961A86-3613-48ED-B566-DEE0E38B90C1}.Debug|Any CPU.Build.0 = Debug|Any CPU
		{2F961A86-3613-48ED-B566-DEE0E38B90C1}.Debug|x64.ActiveCfg = Debug|Any CPU
		{2F961A86-3613-48ED-B566-DEE0E38B90C1}.Debug|x64.Build.0 = Debug|Any CPU
		{2F961A86-3613-48ED-B566-DEE0E38B90C1}.Debug|x86.ActiveCfg = Debug|Any CPU
		{2F961A86-3613-48ED-B566-DEE0E38B90C1}.Debug|x86.Build.0 = Debug|Any CPU
		{2F961A86-3613-48ED-B566-DEE0E38B90C1}.Release|Any CPU.ActiveCfg = Release|Any CPU
		{2F961A86-3613-48ED-B566-DEE0E38B90C1}.Release|Any CPU.Build.0 = Release|Any CPU
		{2F961A86-3613-48ED-B566-DEE0E38B90C1}.Release|x64.ActiveCfg = Release|Any CPU
		{2F961A86-3613-48ED-B566-DEE0E38B90C1}.Release|x64.Build.0 = Release|Any CPU
		{2F961A86-3613-48ED-B566-DEE0E38B90C1}.Release|x86.ActiveCfg = Release|Any CPU
		{2F961A86-3613-48ED-B566-DEE0E38B90C1}.Release|x86.Build.0 = Release|Any CPU
		{797C9369-0AF0-4D13-8BB5-4276C5961B3D}.Debug|Any CPU.ActiveCfg = Debug|Any CPU
		{797C9369-0AF0-4D13-8BB5-4276C5961B3D}.Debug|Any CPU.Build.0 = Debug|Any CPU
		{797C9369-0AF0-4D13-8BB5-4276C5961B3D}.Debug|x64.ActiveCfg = Debug|Any CPU
		{797C9369-0AF0-4D13-8BB5-4276C5961B3D}.Debug|x64.Build.0 = Debug|Any CPU
		{797C9369-0AF0-4D13-8BB5-4276C5961B3D}.Debug|x86.ActiveCfg = Debug|Any CPU
		{797C9369-0AF0-4D13-8BB5-4276C5961B3D}.Debug|x86.Build.0 = Debug|Any CPU
		{797C9369-0AF0-4D13-8BB5-4276C5961B3D}.Release|Any CPU.ActiveCfg = Release|Any CPU
		{797C9369-0AF0-4D13-8BB5-4276C5961B3D}.Release|Any CPU.Build.0 = Release|Any CPU
		{797C9369-0AF0-4D13-8BB5-4276C5961B3D}.Release|x64.ActiveCfg = Release|Any CPU
		{797C9369-0AF0-4D13-8BB5-4276C5961B3D}.Release|x64.Build.0 = Release|Any CPU
		{797C9369-0AF0-4D13-8BB5-4276C5961B3D}.Release|x86.ActiveCfg = Release|Any CPU
		{797C9369-0AF0-4D13-8BB5-4276C5961B3D}.Release|x86.Build.0 = Release|Any CPU
	EndGlobalSection
	GlobalSection(SolutionProperties) = preSolution
		HideSolutionNode = FALSE
	EndGlobalSection
	GlobalSection(ExtensibilityGlobals) = postSolution
		SolutionGuid = {8FB4F840-E6E0-4371-BA8C-4E91DC216887}
	EndGlobalSection
EndGlobal
